{
  "originHash" : "8e819e643cdacdc24d27b69ae8e04d21a3375a2555f509b153b507a3ebecf517",
  "pins" : [
    {
      "identity" : "airgap-sapling",
      "kind" : "remoteSourceControl",
      "location" : "https://github.com/airgap-it/airgap-sapling",
      "state" : {
        "revision" : "00848f05c305c9997c8f7325527ddc20de7edd2b",
        "version" : "0.0.7"
      }
    }
  ],
  "version" : 3
}
