PODS:
  - Capacitor (5.7.7):
    - CapacitorCordova
  - CapacitorApp (5.0.8):
    - Capacitor
  - CapacitorAppLauncher (5.0.8):
    - Capacitor
  - CapacitorClipboard (5.0.8):
    - Capacitor
  - CapacitorCordova (5.7.7)
  - CapacitorFilesystem (5.2.2):
    - Capacitor
  - CapacitorSplashScreen (5.0.8):
    - Capacitor
  - CapacitorStatusBar (5.0.8):
    - Capacitor
  - CapawesomeCapacitorFilePicker (0.5.10):
    - Capacitor
  - CordovaPlugins (5.7.7):
    - CapacitorCordova
  - ZIPFoundation (0.9.16)

DEPENDENCIES:
  - "Capacitor (from `../../node_modules/@capacitor/ios`)"
  - "CapacitorApp (from `../../node_modules/@capacitor/app`)"
  - "CapacitorAppLauncher (from `../../node_modules/@capacitor/app-launcher`)"
  - "CapacitorClipboard (from `../../node_modules/@capacitor/clipboard`)"
  - "CapacitorCordova (from `../../node_modules/@capacitor/ios`)"
  - "CapacitorFilesystem (from `../../node_modules/@capacitor/filesystem`)"
  - "CapacitorSplashScreen (from `../../node_modules/@capacitor/splash-screen`)"
  - "CapacitorStatusBar (from `../../node_modules/@capacitor/status-bar`)"
  - "CapawesomeCapacitorFilePicker (from `../../node_modules/@capawesome/capacitor-file-picker`)"
  - CordovaPlugins (from `../capacitor-cordova-ios-plugins`)
  - ZIPFoundation (~> 0.9)

SPEC REPOS:
  trunk:
    - ZIPFoundation

EXTERNAL SOURCES:
  Capacitor:
    :path: "../../node_modules/@capacitor/ios"
  CapacitorApp:
    :path: "../../node_modules/@capacitor/app"
  CapacitorAppLauncher:
    :path: "../../node_modules/@capacitor/app-launcher"
  CapacitorClipboard:
    :path: "../../node_modules/@capacitor/clipboard"
  CapacitorCordova:
    :path: "../../node_modules/@capacitor/ios"
  CapacitorFilesystem:
    :path: "../../node_modules/@capacitor/filesystem"
  CapacitorSplashScreen:
    :path: "../../node_modules/@capacitor/splash-screen"
  CapacitorStatusBar:
    :path: "../../node_modules/@capacitor/status-bar"
  CapawesomeCapacitorFilePicker:
    :path: "../../node_modules/@capawesome/capacitor-file-picker"
  CordovaPlugins:
    :path: "../capacitor-cordova-ios-plugins"

SPEC CHECKSUMS:
  Capacitor: 0039e9b67cfde2d5e9111b3ddca8c0097f4cf2f4
  CapacitorApp: 102e553c3b1fdc255969c39aa19b529675690ef4
  CapacitorAppLauncher: 1483f5241bd56d2720af833d830c1a724ca04e96
  CapacitorClipboard: 03628c89fe70d06d36288ee4eff7e205a6e81e53
  CapacitorCordova: d906edead798c9bb1b07274f15615878d27507d5
  CapacitorFilesystem: 202b158a878462ab4f401d0eb4d9644c67927333
  CapacitorSplashScreen: 7a69e693bc1ef83e4bd3fb073bd8c8fa33e9059e
  CapacitorStatusBar: 51af549cfcf35aac3ab072b062967ae5971ee485
  CapawesomeCapacitorFilePicker: 3c6c193300649c9c7ce49426e17582edbf7ed601
  CordovaPlugins: 91d13f392c0503ab8079672f2d5af33e4a269dce
  ZIPFoundation: d170fa8e270b2a32bef9dcdcabff5b8f1a5deced

PODFILE CHECKSUM: 51db8af4d6f01d50e8e2a9025e652f730fdb53af

COCOAPODS: 1.15.2
